
Microsoft Visual Studio Solution File, Format Version 12.00
# Visual Studio Version 17
VisualStudioVersion = 17.1.32210.238
MinimumVisualStudioVersion = 10.0.40219.1
Project("{9A19103F-16F7-4668-BE54-9A1E7A4F7556}") = "SAD.Domain", "SAD.Domain\SAD.Domain.csproj", "{724BC621-4654-444B-B9ED-305AAAE581DC}"
EndProject
Project("{9A19103F-16F7-4668-BE54-9A1E7A4F7556}") = "SAD.Test", "SAD.Test\SAD.Test.csproj", "{99CD5A8A-F574-449B-9DDD-495AC86B1F93}"
EndProject
Project("{FAE04EC0-301F-11D3-BF4B-00C04F79EFBC}") = "SAD.api", "SAD.api\SAD.api.csproj", "{57904C56-8B57-4086-AA00-111193978DF9}"
EndProject
Global
	GlobalSection(SolutionConfigurationPlatforms) = preSolution
		Debug|Any CPU = Debug|Any CPU
		Release|Any CPU = Release|Any CPU
	EndGlobalSection
	GlobalSection(ProjectConfigurationPlatforms) = postSolution
		{724BC621-4654-444B-B9ED-305AAAE581DC}.Debug|Any CPU.ActiveCfg = Debug|Any CPU
		{724BC621-4654-444B-B9ED-305AAAE581DC}.Debug|Any CPU.Build.0 = Debug|Any CPU
		{724BC621-4654-444B-B9ED-305AAAE581DC}.Release|Any CPU.ActiveCfg = Release|Any CPU
		{724BC621-4654-444B-B9ED-305AAAE581DC}.Release|Any CPU.Build.0 = Release|Any CPU
		{99CD5A8A-F574-449B-9DDD-495AC86B1F93}.Debug|Any CPU.ActiveCfg = Debug|Any CPU
		{99CD5A8A-F574-449B-9DDD-495AC86B1F93}.Debug|Any CPU.Build.0 = Debug|Any CPU
		{99CD5A8A-F574-449B-9DDD-495AC86B1F93}.Release|Any CPU.ActiveCfg = Release|Any CPU
		{99CD5A8A-F574-449B-9DDD-495AC86B1F93}.Release|Any CPU.Build.0 = Release|Any CPU
		{57904C56-8B57-4086-AA00-111193978DF9}.Debug|Any CPU.ActiveCfg = Debug|Any CPU
		{57904C56-8B57-4086-AA00-111193978DF9}.Debug|Any CPU.Build.0 = Debug|Any CPU
		{57904C56-8B57-4086-AA00-111193978DF9}.Release|Any CPU.ActiveCfg = Release|Any CPU
		{57904C56-8B57-4086-AA00-111193978DF9}.Release|Any CPU.Build.0 = Release|Any CPU
	EndGlobalSection
	GlobalSection(SolutionProperties) = preSolution
		HideSolutionNode = FALSE
	EndGlobalSection
	GlobalSection(ExtensibilityGlobals) = postSolution
		SolutionGuid = {D2EF2602-9140-4882-8C0E-C50F0BAB3DE6}
	EndGlobalSection
EndGlobal
